# This file is automatically @generated by Cargo.
# It is not intended for manual editing.
version = 3

[[package]]
name = "hawthorn_kernel"
version = "0.0.0"
dependencies = [
 "hawthorn_syscall_abi",
]

[[package]]
name = "hawthorn_qemu_minimal"
version = "0.0.0"
dependencies = [
 "hawthorn_kernel",
]

[[package]]
name = "hawthorn_syscall_abi"
version = "0.0.0"
